{
  "name": "Joueur.js",
  "version": "0.0.2",
  "lockfileVersion": 1,
  "requires": true,
  "dependencies": {
    "acorn": {
      "version": "2.7.0",
      "resolved": "https://registry.npmjs.org/acorn/-/acorn-2.7.0.tgz",
      "integrity": "sha512-pXK8ez/pVjqFdAgBkF1YPVRacuLQ9EXBKaKWaeh58WNfMkCmZhOZzu+NtKSPD5PHmCCHheQ5cD29qM1K4QTxIg=="
    },
    "argparse": {
      "version": "1.0.2",
      "resolved": "https://registry.npmjs.org/argparse/-/argparse-1.0.2.tgz",
      "integrity": "sha512-WefjOipMi7bdo1OGv7BIg5imUuuWxtHp7SH8HbhNIovxCzv70uk8RILrr9VYd7SQEdqHzY6j5BqaktR4HCu9vQ==",
      "requires": {
        "lodash": ">= 3.2.0 < 4.0.0",
        "sprintf-js": "~1.0.2"
      }
    },
    "bindings": {
      "version": "1.5.0",
      "resolved": "https://registry.npmjs.org/bindings/-/bindings-1.5.0.tgz",
      "integrity": "sha512-p2q/t/mhvuOj/UeLlV6566GD/guowlr0hHxClI0W9m7MWYkL1F0hLo+0Aexs9HSPCtR1SXQ0TD3MMKrXZajbiQ==",
      "requires": {
        "file-uri-to-path": "1.0.0"
      }
    },
    "chess.js": {
      "version": "0.10.3",
      "resolved": "https://registry.npmjs.org/chess.js/-/chess.js-0.10.3.tgz",
      "integrity": "sha512-i51JgVM0ksFMbLJYKoDpfrcFxJHq/XQQx8NltCdfMyDv7vpU5JVzsZz1EOw7nA27eGA5t8tSxodAN+Wc704BoQ=="
    },
    "file-uri-to-path": {
      "version": "1.0.0",
      "resolved": "https://registry.npmjs.org/file-uri-to-path/-/file-uri-to-path-1.0.0.tgz",
      "integrity": "sha512-0Zt+s3L7Vf1biwWZ29aARiVYLx7iMGnEUl9x33fbB/j3jR81u/O2LbqK+Bm1CDSNDKVtJ/YjwY7TUd5SkeLQLw=="
    },
    "lodash": {
      "version": "3.10.1",
      "resolved": "https://registry.npmjs.org/lodash/-/lodash-3.10.1.tgz",
      "integrity": "sha512-9mDDwqVIma6OZX79ZlDACZl8sBm0TEnkf99zV3iMA4GzkIT/9hiqP5mY0HoT1iNLCrKc/R1HByV+yJfRWVJryQ=="
    },
    "nan": {
      "version": "2.14.0",
      "resolved": "https://registry.npmjs.org/nan/-/nan-2.14.0.tgz",
      "integrity": "sha512-INOFj37C7k3AfaNTtX8RhsTw7qRy7eLET14cROi9+5HAVbbHuIWUHEauBv5qT4Av2tWasiTY1Jw6puUNqRJXQg=="
    },
    "netlinkwrapper": {
      "version": "1.1.2",
      "resolved": "https://registry.npmjs.org/netlinkwrapper/-/netlinkwrapper-1.1.2.tgz",
      "integrity": "sha512-R+GWqbMNnIhkphbGPPDAMeJTEV6fUqRFNttjVos/OHysY88f8ewupkdc5W7hNKpZrGWk/+m4SBZHPUXRLI6uYg==",
      "requires": {
        "bindings": "1.5.0",
        "nan": "2.14.0"
      }
    },
    "sprintf-js": {
      "version": "1.0.3",
      "resolved": "https://registry.npmjs.org/sprintf-js/-/sprintf-js-1.0.3.tgz",
      "integrity": "sha512-D9cPgkvLlV3t3IzL0D0YLvGA9Ahk4PcvVwUbN0dSGr1aP0Nrt4AEnTUbuGvquEC0mA64Gqt1fzirlRs5ibXx8g=="
    },
    "sync-socket": {
      "version": "1.0.0",
      "resolved": "https://registry.npmjs.org/sync-socket/-/sync-socket-1.0.0.tgz",
      "integrity": "sha512-LZHf84Bdcl7ktQtJFt/FHPEu5NWlXMM/9wzU185WbARUoNWQTbzNMv93+M/Fw9MJ8yB2F3OL2vpWuRtd5oLCZg=="
    },
    "syntax-error": {
      "version": "1.1.6",
      "resolved": "https://registry.npmjs.org/syntax-error/-/syntax-error-1.1.6.tgz",
      "integrity": "sha512-PR60b6QEsF95amTCi4TwqwH+FRTLjg90DOHiHBgvtauFafhnc8sDT4fXnNEXAbke1cCqrrJGDbFRlwSmo50mOQ==",
      "requires": {
        "acorn": "^2.7.0"
      }
    }
  }
}
